
Microsoft Visual Studio Solution File, Format Version 12.00
# Visual Studio Version 17
VisualStudioVersion = 17.7.34031.279
MinimumVisualStudioVersion = 10.0.40219.1
Project("{9A19103F-16F7-4668-BE54-9A1E7A4F7556}") = "elev8", "elev8\elev8.csproj", "{4D08184C-20C2-468B-BA21-C57283A7B13D}"
EndProject
Global
	GlobalSection(SolutionConfigurationPlatforms) = preSolution
		Debug|Any CPU = Debug|Any CPU
		Release|Any CPU = Release|Any CPU
	EndGlobalSection
	GlobalSection(ProjectConfigurationPlatforms) = postSolution
		{4D08184C-20C2-468B-BA21-C57283A7B13D}.Debug|Any CPU.ActiveCfg = Debug|Any CPU
		{4D08184C-20C2-468B-BA21-C57283A7B13D}.Debug|Any CPU.Build.0 = Debug|Any CPU
		{4D08184C-20C2-468B-BA21-C57283A7B13D}.Release|Any CPU.ActiveCfg = Release|Any CPU
		{4D08184C-20C2-468B-BA21-C57283A7B13D}.Release|Any CPU.Build.0 = Release|Any CPU
	EndGlobalSection
	GlobalSection(SolutionProperties) = preSolution
		HideSolutionNode = FALSE
	EndGlobalSection
	GlobalSection(ExtensibilityGlobals) = postSolution
		SolutionGuid = {54FD19C9-FB30-4145-9C53-5EED3C0BBD03}
	EndGlobalSection
EndGlobal
